
Microsoft Visual Studio Solution File, Format Version 12.00
# Visual Studio Version 17
VisualStudioVersion = 17.14.36121.58
MinimumVisualStudioVersion = 10.0.40219.1
Project("{2150E333-8FDC-42A3-9474-1A3956D46DE8}") = "src", "src", "{02EA681E-C7D8-13C7-8484-4AC65E1B71E8}"
EndProject
Project("{2150E333-8FDC-42A3-9474-1A3956D46DE8}") = "test", "test", "{787036F5-5E80-4334-9C92-27771106C5B8}"
EndProject
Project("{2150E333-8FDC-42A3-9474-1A3956D46DE8}") = "Services", "Services", "{1478A5CA-15C8-4C0C-A5AC-C72967E3681C}"
EndProject
Project("{2150E333-8FDC-42A3-9474-1A3956D46DE8}") = "Core", "Core", "{9242F708-00BF-4D3E-9A82-3129EEFA212B}"
EndProject
Project("{2150E333-8FDC-42A3-9474-1A3956D46DE8}") = "Infrastructure", "Infrastructure", "{CE023A3D-0FB9-4432-8B8C-0B5CE616D647}"
EndProject
Project("{FAE04EC0-301F-11D3-BF4B-00C04F79EFBC}") = "Final.WebApp", "Final.WebApp\Final.WebApp.csproj", "{780039D6-9425-4795-9DD0-AC50E42944A9}"
EndProject
Project("{FAE04EC0-301F-11D3-BF4B-00C04F79EFBC}") = "Final.Domain", "Final.Domain\Final.Domain.csproj", "{7B18FA8C-E74D-4C01-9DC8-9F211BA18ECB}"
EndProject
Project("{FAE04EC0-301F-11D3-BF4B-00C04F79EFBC}") = "Final.Persistence", "Final.Persistence\Final.Persistence.csproj", "{A42932DC-F55E-4FB3-8A89-D34A6EAA4DA2}"
EndProject
Project("{FAE04EC0-301F-11D3-BF4B-00C04F79EFBC}") = "Final.ProductAPI", "Final.ProductAPI\Final.ProductAPI.csproj", "{1AB8BFF7-93F0-49A5-BB75-497CF0CB9553}"
EndProject
Global
	GlobalSection(SolutionConfigurationPlatforms) = preSolution
		Debug|Any CPU = Debug|Any CPU
		Release|Any CPU = Release|Any CPU
	EndGlobalSection
	GlobalSection(ProjectConfigurationPlatforms) = postSolution
		{780039D6-9425-4795-9DD0-AC50E42944A9}.Debug|Any CPU.ActiveCfg = Debug|Any CPU
		{780039D6-9425-4795-9DD0-AC50E42944A9}.Debug|Any CPU.Build.0 = Debug|Any CPU
		{780039D6-9425-4795-9DD0-AC50E42944A9}.Release|Any CPU.ActiveCfg = Release|Any CPU
		{780039D6-9425-4795-9DD0-AC50E42944A9}.Release|Any CPU.Build.0 = Release|Any CPU
		{7B18FA8C-E74D-4C01-9DC8-9F211BA18ECB}.Debug|Any CPU.ActiveCfg = Debug|Any CPU
		{7B18FA8C-E74D-4C01-9DC8-9F211BA18ECB}.Debug|Any CPU.Build.0 = Debug|Any CPU
		{7B18FA8C-E74D-4C01-9DC8-9F211BA18ECB}.Release|Any CPU.ActiveCfg = Release|Any CPU
		{7B18FA8C-E74D-4C01-9DC8-9F211BA18ECB}.Release|Any CPU.Build.0 = Release|Any CPU
		{A42932DC-F55E-4FB3-8A89-D34A6EAA4DA2}.Debug|Any CPU.ActiveCfg = Debug|Any CPU
		{A42932DC-F55E-4FB3-8A89-D34A6EAA4DA2}.Debug|Any CPU.Build.0 = Debug|Any CPU
		{A42932DC-F55E-4FB3-8A89-D34A6EAA4DA2}.Release|Any CPU.ActiveCfg = Release|Any CPU
		{A42932DC-F55E-4FB3-8A89-D34A6EAA4DA2}.Release|Any CPU.Build.0 = Release|Any CPU
		{1AB8BFF7-93F0-49A5-BB75-497CF0CB9553}.Debug|Any CPU.ActiveCfg = Debug|Any CPU
		{1AB8BFF7-93F0-49A5-BB75-497CF0CB9553}.Debug|Any CPU.Build.0 = Debug|Any CPU
		{1AB8BFF7-93F0-49A5-BB75-497CF0CB9553}.Release|Any CPU.ActiveCfg = Release|Any CPU
		{1AB8BFF7-93F0-49A5-BB75-497CF0CB9553}.Release|Any CPU.Build.0 = Release|Any CPU
	EndGlobalSection
	GlobalSection(SolutionProperties) = preSolution
		HideSolutionNode = FALSE
	EndGlobalSection
	GlobalSection(NestedProjects) = preSolution
		{1478A5CA-15C8-4C0C-A5AC-C72967E3681C} = {02EA681E-C7D8-13C7-8484-4AC65E1B71E8}
		{9242F708-00BF-4D3E-9A82-3129EEFA212B} = {02EA681E-C7D8-13C7-8484-4AC65E1B71E8}
		{CE023A3D-0FB9-4432-8B8C-0B5CE616D647} = {02EA681E-C7D8-13C7-8484-4AC65E1B71E8}
		{780039D6-9425-4795-9DD0-AC50E42944A9} = {02EA681E-C7D8-13C7-8484-4AC65E1B71E8}
		{7B18FA8C-E74D-4C01-9DC8-9F211BA18ECB} = {9242F708-00BF-4D3E-9A82-3129EEFA212B}
		{A42932DC-F55E-4FB3-8A89-D34A6EAA4DA2} = {CE023A3D-0FB9-4432-8B8C-0B5CE616D647}
		{1AB8BFF7-93F0-49A5-BB75-497CF0CB9553} = {1478A5CA-15C8-4C0C-A5AC-C72967E3681C}
	EndGlobalSection
	GlobalSection(ExtensibilityGlobals) = postSolution
		SolutionGuid = {7C43D880-0F18-4670-ADCB-D7F392B66BA0}
	EndGlobalSection
EndGlobal
