
Microsoft Visual Studio Solution File, Format Version 12.00
# Visual Studio Version 17
VisualStudioVersion = 17.14.36121.58
MinimumVisualStudioVersion = 10.0.40219.1
Project("{2150E333-8FDC-42A3-9474-1A3956D46DE8}") = "src", "src", "{02EA681E-C7D8-13C7-8484-4AC65E1B71E8}"
EndProject
Project("{2150E333-8FDC-42A3-9474-1A3956D46DE8}") = "test", "test", "{787036F5-5E80-4334-9C92-27771106C5B8}"
EndProject
Project("{2150E333-8FDC-42A3-9474-1A3956D46DE8}") = "Services", "Services", "{1478A5CA-15C8-4C0C-A5AC-C72967E3681C}"
EndProject
Project("{2150E333-8FDC-42A3-9474-1A3956D46DE8}") = "ApiGateway", "ApiGateway", "{14BB9F93-DC84-4FA4-A27F-4D0E05B33DD8}"
EndProject
Project("{2150E333-8FDC-42A3-9474-1A3956D46DE8}") = "Frontend", "Frontend", "{3254834B-FA22-4DFB-A204-F324437F2A6E}"
EndProject
Project("{2150E333-8FDC-42A3-9474-1A3956D46DE8}") = "Shared", "Shared", "{0EB84B8C-9E53-4A59-A6FC-50959D81DB15}"
EndProject
Project("{FAE04EC0-301F-11D3-BF4B-00C04F79EFBC}") = "Common", "Common\Common.csproj", "{60941101-41A7-4A19-AF26-14757F9CC88F}"
EndProject
Project("{FAE04EC0-301F-11D3-BF4B-00C04F79EFBC}") = "WebApp", "WebApp\WebApp.csproj", "{DE627D2C-D497-4FBC-8066-5F97899E3ADF}"
EndProject
Project("{FAE04EC0-301F-11D3-BF4B-00C04F79EFBC}") = "ApiGateway", "ApiGateway\ApiGateway.csproj", "{95238506-9933-4C3D-988E-0A172BDEA10A}"
EndProject
Global
	GlobalSection(SolutionConfigurationPlatforms) = preSolution
		Debug|Any CPU = Debug|Any CPU
		Release|Any CPU = Release|Any CPU
	EndGlobalSection
	GlobalSection(ProjectConfigurationPlatforms) = postSolution
		{60941101-41A7-4A19-AF26-14757F9CC88F}.Debug|Any CPU.ActiveCfg = Debug|Any CPU
		{60941101-41A7-4A19-AF26-14757F9CC88F}.Debug|Any CPU.Build.0 = Debug|Any CPU
		{60941101-41A7-4A19-AF26-14757F9CC88F}.Release|Any CPU.ActiveCfg = Release|Any CPU
		{60941101-41A7-4A19-AF26-14757F9CC88F}.Release|Any CPU.Build.0 = Release|Any CPU
		{DE627D2C-D497-4FBC-8066-5F97899E3ADF}.Debug|Any CPU.ActiveCfg = Debug|Any CPU
		{DE627D2C-D497-4FBC-8066-5F97899E3ADF}.Debug|Any CPU.Build.0 = Debug|Any CPU
		{DE627D2C-D497-4FBC-8066-5F97899E3ADF}.Release|Any CPU.ActiveCfg = Release|Any CPU
		{DE627D2C-D497-4FBC-8066-5F97899E3ADF}.Release|Any CPU.Build.0 = Release|Any CPU
		{95238506-9933-4C3D-988E-0A172BDEA10A}.Debug|Any CPU.ActiveCfg = Debug|Any CPU
		{95238506-9933-4C3D-988E-0A172BDEA10A}.Debug|Any CPU.Build.0 = Debug|Any CPU
		{95238506-9933-4C3D-988E-0A172BDEA10A}.Release|Any CPU.ActiveCfg = Release|Any CPU
		{95238506-9933-4C3D-988E-0A172BDEA10A}.Release|Any CPU.Build.0 = Release|Any CPU
	EndGlobalSection
	GlobalSection(SolutionProperties) = preSolution
		HideSolutionNode = FALSE
	EndGlobalSection
	GlobalSection(NestedProjects) = preSolution
		{1478A5CA-15C8-4C0C-A5AC-C72967E3681C} = {02EA681E-C7D8-13C7-8484-4AC65E1B71E8}
		{14BB9F93-DC84-4FA4-A27F-4D0E05B33DD8} = {02EA681E-C7D8-13C7-8484-4AC65E1B71E8}
		{3254834B-FA22-4DFB-A204-F324437F2A6E} = {02EA681E-C7D8-13C7-8484-4AC65E1B71E8}
		{0EB84B8C-9E53-4A59-A6FC-50959D81DB15} = {02EA681E-C7D8-13C7-8484-4AC65E1B71E8}
		{60941101-41A7-4A19-AF26-14757F9CC88F} = {0EB84B8C-9E53-4A59-A6FC-50959D81DB15}
		{DE627D2C-D497-4FBC-8066-5F97899E3ADF} = {3254834B-FA22-4DFB-A204-F324437F2A6E}
		{95238506-9933-4C3D-988E-0A172BDEA10A} = {14BB9F93-DC84-4FA4-A27F-4D0E05B33DD8}
	EndGlobalSection
	GlobalSection(ExtensibilityGlobals) = postSolution
		SolutionGuid = {7C43D880-0F18-4670-ADCB-D7F392B66BA0}
	EndGlobalSection
EndGlobal
